{
  "nodes": {
    "awsvpnclient": {
      "inputs": {
        "nixpkgs": [
          "nixpkgs"
        ]
      },
      "locked": {
        "lastModified": 1646589838,
        "narHash": "sha256-cFblVR6ecKFtp6JkJY9Io4x0xkUOVr3y8NvYh4iTJ+4=",
        "owner": "ymatsiuk",
        "repo": "awsvpnclient",
        "rev": "c1f6a1987892b08c2573f1e712a4d7c850f14ef1",
        "type": "github"
      },
      "original": {
        "owner": "ymatsiuk",
        "repo": "awsvpnclient",
        "type": "github"
      }
    },
    "cachix": {
      "locked": {
        "lastModified": 1645296114,
        "narHash": "sha256-y53N7TyIkXsjMpOG7RhvqJFGDacLs9HlyHeSTBioqYU=",
        "owner": "nixos",
        "repo": "nixpkgs",
        "rev": "530a53dcbc9437363471167a5e4762c5fcfa34a1",
        "type": "github"
      },
      "original": {
        "owner": "nixos",
        "ref": "nixos-21.05",
        "repo": "nixpkgs",
        "type": "github"
      }
    },
    "flake-compat": {
      "flake": false,
      "locked": {
        "lastModified": 1641205782,
        "narHash": "sha256-4jY7RCWUoZ9cKD8co0/4tFARpWB+57+r1bLLvXNJliY=",
        "owner": "edolstra",
        "repo": "flake-compat",
        "rev": "b7547d3eed6f32d06102ead8991ec52ab0a4f1a7",
        "type": "github"
      },
      "original": {
        "owner": "edolstra",
        "repo": "flake-compat",
        "type": "github"
      }
    },
    "flake-utils": {
      "locked": {
        "lastModified": 1644229661,
        "narHash": "sha256-1YdnJAsNy69bpcjuoKdOYQX0YxZBiCYZo4Twxerqv7k=",
        "owner": "numtide",
        "repo": "flake-utils",
        "rev": "3cecb5b042f7f209c56ffd8371b2711a290ec797",
        "type": "github"
      },
      "original": {
        "owner": "numtide",
        "repo": "flake-utils",
        "type": "github"
      }
    },
    "home-manager": {
      "inputs": {
        "nixpkgs": [
          "nixpkgs"
        ]
      },
      "locked": {
        "lastModified": 1647521104,
        "narHash": "sha256-H9D0fxuwsXNmN3AXCH2EmhcVvOqhVb49TUP3AVpDdCk=",
        "owner": "nix-community",
        "repo": "home-manager",
        "rev": "970b57fd3c93f6c76d5cdfb4da23a5b4010b9e8b",
        "type": "github"
      },
      "original": {
        "owner": "nix-community",
        "repo": "home-manager",
        "type": "github"
      }
    },
    "nixpkgs": {
      "locked": {
        "lastModified": 1647297614,
        "narHash": "sha256-ulGq3W5XsrBMU/u5k9d4oPy65pQTkunR4HKKtTq0RwY=",
        "owner": "nixos",
        "repo": "nixpkgs",
        "rev": "73ad5f9e147c0d2a2061f1d4bd91e05078dc0b58",
        "type": "github"
      },
      "original": {
        "owner": "nixos",
        "ref": "nixos-unstable",
        "repo": "nixpkgs",
        "type": "github"
      }
    },
    "nixpkgs-small": {
      "locked": {
        "lastModified": 1647380550,
        "narHash": "sha256-909TI9poX7CIUiFx203WL29YON6m/I6k0ExbZvR7bLM=",
        "owner": "nixos",
        "repo": "nixpkgs",
        "rev": "6e3ee8957637a60f5072e33d78e05c0f65c54366",
        "type": "github"
      },
      "original": {
        "owner": "nixos",
        "ref": "nixos-unstable-small",
        "repo": "nixpkgs",
        "type": "github"
      }
    },
    "nixpkgs-wayland": {
      "inputs": {
        "cachix": "cachix",
        "flake-compat": "flake-compat",
        "nixpkgs": [
          "nixpkgs"
        ]
      },
      "locked": {
        "lastModified": 1647481251,
        "narHash": "sha256-0uoNn5DcRb5WKNoDiizGTN9qdKfqFMu/Rvq0fQJnlfg=",
        "owner": "nix-community",
        "repo": "nixpkgs-wayland",
        "rev": "1e2f7634e07b3d0b071a17361c7d86a73dc3944c",
        "type": "github"
      },
      "original": {
        "owner": "nix-community",
        "repo": "nixpkgs-wayland",
        "type": "github"
      }
    },
    "nur": {
      "locked": {
        "lastModified": 1647521685,
        "narHash": "sha256-+M85OqQ3Oxr/WwcGUVL1DuEyOcGYcW3EYnc07lxk/6E=",
        "owner": "nix-community",
        "repo": "NUR",
        "rev": "da94358498fc294e5523c161435b5f7f1ccb70fa",
        "type": "github"
      },
      "original": {
        "owner": "nix-community",
        "repo": "NUR",
        "type": "github"
      }
    },
    "root": {
      "inputs": {
        "awsvpnclient": "awsvpnclient",
        "flake-utils": "flake-utils",
        "home-manager": "home-manager",
        "nixpkgs": "nixpkgs",
        "nixpkgs-small": "nixpkgs-small",
        "nixpkgs-wayland": "nixpkgs-wayland",
        "nur": "nur"
      }
    }
  },
  "root": "root",
  "version": 7
}
