{
  "nodes": {
    "awsvpnclient": {
      "inputs": {
        "nixpkgs": [
          "nixpkgs"
        ]
      },
      "locked": {
        "lastModified": 1650433861,
        "narHash": "sha256-Pnw59wD6KRi0lwumzD1qs3S8yjldMCWjRZXWXU905rs=",
        "owner": "ymatsiuk",
        "repo": "awsvpnclient",
        "rev": "52d52fcbebdc15191c86df15cd12434e900e52ae",
        "type": "github"
      },
      "original": {
        "owner": "ymatsiuk",
        "repo": "awsvpnclient",
        "type": "github"
      }
    },
    "cachix": {
      "locked": {
        "lastModified": 1645296114,
        "narHash": "sha256-y53N7TyIkXsjMpOG7RhvqJFGDacLs9HlyHeSTBioqYU=",
        "owner": "nixos",
        "repo": "nixpkgs",
        "rev": "530a53dcbc9437363471167a5e4762c5fcfa34a1",
        "type": "github"
      },
      "original": {
        "owner": "nixos",
        "ref": "nixos-21.05",
        "repo": "nixpkgs",
        "type": "github"
      }
    },
    "flake-compat": {
      "flake": false,
      "locked": {
        "lastModified": 1650374568,
        "narHash": "sha256-Z+s0J8/r907g149rllvwhb4pKi8Wam5ij0st8PwAh+E=",
        "owner": "edolstra",
        "repo": "flake-compat",
        "rev": "b4a34015c698c7793d592d66adbab377907a2be8",
        "type": "github"
      },
      "original": {
        "owner": "edolstra",
        "repo": "flake-compat",
        "type": "github"
      }
    },
    "flake-utils": {
      "locked": {
        "lastModified": 1649676176,
        "narHash": "sha256-OWKJratjt2RW151VUlJPRALb7OU2S5s+f0vLj4o1bHM=",
        "owner": "numtide",
        "repo": "flake-utils",
        "rev": "a4b154ebbdc88c8498a5c7b01589addc9e9cb678",
        "type": "github"
      },
      "original": {
        "owner": "numtide",
        "repo": "flake-utils",
        "type": "github"
      }
    },
    "home-manager": {
      "inputs": {
        "nixpkgs": [
          "nixpkgs"
        ]
      },
      "locked": {
        "lastModified": 1650920743,
        "narHash": "sha256-7xxdtLp295HswhyEjr991QJsBFeadUo43NiAsHnQ5+8=",
        "owner": "nix-community",
        "repo": "home-manager",
        "rev": "223a73c2ba7d358b23666937cb13a59b31df511c",
        "type": "github"
      },
      "original": {
        "owner": "nix-community",
        "repo": "home-manager",
        "type": "github"
      }
    },
    "nixpkgs": {
      "locked": {
        "lastModified": 1650920067,
        "narHash": "sha256-iV+7zkBZsHiy4epfcyoiW8lRXdjZXq6h8RfNcaua4Fc=",
        "owner": "nixos",
        "repo": "nixpkgs",
        "rev": "6a323903ad07de6680169bb0423c5cea9db41d82",
        "type": "github"
      },
      "original": {
        "owner": "nixos",
        "ref": "nixos-unstable",
        "repo": "nixpkgs",
        "type": "github"
      }
    },
    "nixpkgs-small": {
      "locked": {
        "lastModified": 1650923622,
        "narHash": "sha256-M98iI5KKM5+JfBL94PMEwG1Ybs4+/2RFSgLpJU/XFLg=",
        "owner": "nixos",
        "repo": "nixpkgs",
        "rev": "7f4a8f37d4621b27fc0c4eeb3880ecf1cb055371",
        "type": "github"
      },
      "original": {
        "owner": "nixos",
        "ref": "nixos-unstable-small",
        "repo": "nixpkgs",
        "type": "github"
      }
    },
    "nixpkgs-wayland": {
      "inputs": {
        "cachix": "cachix",
        "flake-compat": "flake-compat",
        "nixpkgs": [
          "nixpkgs"
        ]
      },
      "locked": {
        "lastModified": 1650988166,
        "narHash": "sha256-7TOVGUL1RsUNqEjP8unC/tpZHpFiQwbNG0z5fLiyEM4=",
        "owner": "nix-community",
        "repo": "nixpkgs-wayland",
        "rev": "8e0ba056c0a5d31ac43a1da3d23550e12eec434e",
        "type": "github"
      },
      "original": {
        "owner": "nix-community",
        "repo": "nixpkgs-wayland",
        "type": "github"
      }
    },
    "nur": {
      "locked": {
        "lastModified": 1650978807,
        "narHash": "sha256-e1yDNPnfquE/iZEZjTs6Nu775H1/wCCMwm0XuUHBuCg=",
        "owner": "nix-community",
        "repo": "NUR",
        "rev": "61f3b6fee060ec9883e6154d938caa7a194e0769",
        "type": "github"
      },
      "original": {
        "owner": "nix-community",
        "repo": "NUR",
        "type": "github"
      }
    },
    "root": {
      "inputs": {
        "awsvpnclient": "awsvpnclient",
        "flake-utils": "flake-utils",
        "home-manager": "home-manager",
        "nixpkgs": "nixpkgs",
        "nixpkgs-small": "nixpkgs-small",
        "nixpkgs-wayland": "nixpkgs-wayland",
        "nur": "nur"
      }
    }
  },
  "root": "root",
  "version": 7
}
